
Microsoft Visual Studio Solution File, Format Version 12.00
# Visual Studio Version 17
VisualStudioVersion = 17.14.36511.14 d17.14
MinimumVisualStudioVersion = 10.0.40219.1
Project("{FAE04EC0-301F-11D3-BF4B-00C04F79EFBC}") = "kodövning", "kodövning.csproj", "{410D5E26-F3FE-44BD-929A-92081B2980ED}"
EndProject
Global
	GlobalSection(SolutionConfigurationPlatforms) = preSolution
		Debug|Any CPU = Debug|Any CPU
		Release|Any CPU = Release|Any CPU
	EndGlobalSection
	GlobalSection(ProjectConfigurationPlatforms) = postSolution
		{410D5E26-F3FE-44BD-929A-92081B2980ED}.Debug|Any CPU.ActiveCfg = Debug|Any CPU
		{410D5E26-F3FE-44BD-929A-92081B2980ED}.Debug|Any CPU.Build.0 = Debug|Any CPU
		{410D5E26-F3FE-44BD-929A-92081B2980ED}.Release|Any CPU.ActiveCfg = Release|Any CPU
		{410D5E26-F3FE-44BD-929A-92081B2980ED}.Release|Any CPU.Build.0 = Release|Any CPU
	EndGlobalSection
	GlobalSection(SolutionProperties) = preSolution
		HideSolutionNode = FALSE
	EndGlobalSection
	GlobalSection(ExtensibilityGlobals) = postSolution
		SolutionGuid = {89E4356D-405F-41F6-A6C7-E3B02DE4475C}
	EndGlobalSection
EndGlobal
